
Microsoft Visual Studio Solution File, Format Version 12.00
# Visual Studio Version 17
VisualStudioVersion = 17.0.31903.59
MinimumVisualStudioVersion = 10.0.40219.1
Project("{2150E333-8FDC-42A3-9474-1A3956D46DE8}") = "src", "src", "{827E0CD3-B72D-47B6-A68D-7590B98EB39B}"
EndProject
Project("{FAE04EC0-301F-11D3-BF4B-00C04F79EFBC}") = "Vence.App", "src\Vence.App\Vence.App.csproj", "{AF388D5B-C23C-4C2A-8350-8CFA2AE8621D}"
EndProject
Project("{FAE04EC0-301F-11D3-BF4B-00C04F79EFBC}") = "Vence.Core", "src\Vence.Core\Vence.Core.csproj", "{DDCFE868-F123-4921-97A7-0F8E0DB60958}"
EndProject
Project("{FAE04EC0-301F-11D3-BF4B-00C04F79EFBC}") = "Vence.Storage", "src\Vence.Storage\Vence.Storage.csproj", "{161968CD-02F7-429C-BB6C-52A2C6E69AE1}"
EndProject
Project("{FAE04EC0-301F-11D3-BF4B-00C04F79EFBC}") = "Vence.Markdown", "src\Vence.Markdown\Vence.Markdown.csproj", "{160258B8-44BB-42DB-8666-8C05F819B682}"
EndProject
Project("{FAE04EC0-301F-11D3-BF4B-00C04F79EFBC}") = "Vence.AI", "src\Vence.AI\Vence.AI.csproj", "{7971F63B-3AA1-43CC-9961-B7874893BC42}"
EndProject
Project("{FAE04EC0-301F-11D3-BF4B-00C04F79EFBC}") = "Vence.Jobs", "src\Vence.Jobs\Vence.Jobs.csproj", "{731D72C5-5309-4262-A0B1-1F2B5A60848E}"
EndProject
Project("{2150E333-8FDC-42A3-9474-1A3956D46DE8}") = "tests", "tests", "{0AB3BF05-4346-4AA6-1389-037BE0695223}"
EndProject
Project("{FAE04EC0-301F-11D3-BF4B-00C04F79EFBC}") = "Vence.Core.Tests", "tests\Vence.Core.Tests\Vence.Core.Tests.csproj", "{D93E331B-CCF1-4858-8A71-422FCE3FAD1E}"
EndProject
Project("{FAE04EC0-301F-11D3-BF4B-00C04F79EFBC}") = "Vence.Storage.Tests", "tests\Vence.Storage.Tests\Vence.Storage.Tests.csproj", "{98D23145-5467-4B87-AC1B-F1A901417DFB}"
EndProject
Global
	GlobalSection(SolutionConfigurationPlatforms) = preSolution
		Debug|Any CPU = Debug|Any CPU
		Debug|x64 = Debug|x64
		Debug|x86 = Debug|x86
		Release|Any CPU = Release|Any CPU
		Release|x64 = Release|x64
		Release|x86 = Release|x86
	EndGlobalSection
	GlobalSection(ProjectConfigurationPlatforms) = postSolution
		{AF388D5B-C23C-4C2A-8350-8CFA2AE8621D}.Debug|Any CPU.ActiveCfg = Debug|x86
		{AF388D5B-C23C-4C2A-8350-8CFA2AE8621D}.Debug|Any CPU.Build.0 = Debug|x86
		{AF388D5B-C23C-4C2A-8350-8CFA2AE8621D}.Debug|x64.ActiveCfg = Debug|x64
		{AF388D5B-C23C-4C2A-8350-8CFA2AE8621D}.Debug|x64.Build.0 = Debug|x64
		{AF388D5B-C23C-4C2A-8350-8CFA2AE8621D}.Debug|x86.ActiveCfg = Debug|x86
		{AF388D5B-C23C-4C2A-8350-8CFA2AE8621D}.Debug|x86.Build.0 = Debug|x86
		{AF388D5B-C23C-4C2A-8350-8CFA2AE8621D}.Release|Any CPU.ActiveCfg = Release|x86
		{AF388D5B-C23C-4C2A-8350-8CFA2AE8621D}.Release|Any CPU.Build.0 = Release|x86
		{AF388D5B-C23C-4C2A-8350-8CFA2AE8621D}.Release|x64.ActiveCfg = Release|x64
		{AF388D5B-C23C-4C2A-8350-8CFA2AE8621D}.Release|x64.Build.0 = Release|x64
		{AF388D5B-C23C-4C2A-8350-8CFA2AE8621D}.Release|x86.ActiveCfg = Release|x86
		{AF388D5B-C23C-4C2A-8350-8CFA2AE8621D}.Release|x86.Build.0 = Release|x86
		{DDCFE868-F123-4921-97A7-0F8E0DB60958}.Debug|Any CPU.ActiveCfg = Debug|Any CPU
		{DDCFE868-F123-4921-97A7-0F8E0DB60958}.Debug|Any CPU.Build.0 = Debug|Any CPU
		{DDCFE868-F123-4921-97A7-0F8E0DB60958}.Debug|x64.ActiveCfg = Debug|Any CPU
		{DDCFE868-F123-4921-97A7-0F8E0DB60958}.Debug|x64.Build.0 = Debug|Any CPU
		{DDCFE868-F123-4921-97A7-0F8E0DB60958}.Debug|x86.ActiveCfg = Debug|Any CPU
		{DDCFE868-F123-4921-97A7-0F8E0DB60958}.Debug|x86.Build.0 = Debug|Any CPU
		{DDCFE868-F123-4921-97A7-0F8E0DB60958}.Release|Any CPU.ActiveCfg = Release|Any CPU
		{DDCFE868-F123-4921-97A7-0F8E0DB60958}.Release|Any CPU.Build.0 = Release|Any CPU
		{DDCFE868-F123-4921-97A7-0F8E0DB60958}.Release|x64.ActiveCfg = Release|Any CPU
		{DDCFE868-F123-4921-97A7-0F8E0DB60958}.Release|x64.Build.0 = Release|Any CPU
		{DDCFE868-F123-4921-97A7-0F8E0DB60958}.Release|x86.ActiveCfg = Release|Any CPU
		{DDCFE868-F123-4921-97A7-0F8E0DB60958}.Release|x86.Build.0 = Release|Any CPU
		{161968CD-02F7-429C-BB6C-52A2C6E69AE1}.Debug|Any CPU.ActiveCfg = Debug|Any CPU
		{161968CD-02F7-429C-BB6C-52A2C6E69AE1}.Debug|Any CPU.Build.0 = Debug|Any CPU
		{161968CD-02F7-429C-BB6C-52A2C6E69AE1}.Debug|x64.ActiveCfg = Debug|Any CPU
		{161968CD-02F7-429C-BB6C-52A2C6E69AE1}.Debug|x64.Build.0 = Debug|Any CPU
		{161968CD-02F7-429C-BB6C-52A2C6E69AE1}.Debug|x86.ActiveCfg = Debug|Any CPU
		{161968CD-02F7-429C-BB6C-52A2C6E69AE1}.Debug|x86.Build.0 = Debug|Any CPU
		{161968CD-02F7-429C-BB6C-52A2C6E69AE1}.Release|Any CPU.ActiveCfg = Release|Any CPU
		{161968CD-02F7-429C-BB6C-52A2C6E69AE1}.Release|Any CPU.Build.0 = Release|Any CPU
		{161968CD-02F7-429C-BB6C-52A2C6E69AE1}.Release|x64.ActiveCfg = Release|Any CPU
		{161968CD-02F7-429C-BB6C-52A2C6E69AE1}.Release|x64.Build.0 = Release|Any CPU
		{161968CD-02F7-429C-BB6C-52A2C6E69AE1}.Release|x86.ActiveCfg = Release|Any CPU
		{161968CD-02F7-429C-BB6C-52A2C6E69AE1}.Release|x86.Build.0 = Release|Any CPU
		{160258B8-44BB-42DB-8666-8C05F819B682}.Debug|Any CPU.ActiveCfg = Debug|Any CPU
		{160258B8-44BB-42DB-8666-8C05F819B682}.Debug|Any CPU.Build.0 = Debug|Any CPU
		{160258B8-44BB-42DB-8666-8C05F819B682}.Debug|x64.ActiveCfg = Debug|Any CPU
		{160258B8-44BB-42DB-8666-8C05F819B682}.Debug|x64.Build.0 = Debug|Any CPU
		{160258B8-44BB-42DB-8666-8C05F819B682}.Debug|x86.ActiveCfg = Debug|Any CPU
		{160258B8-44BB-42DB-8666-8C05F819B682}.Debug|x86.Build.0 = Debug|Any CPU
		{160258B8-44BB-42DB-8666-8C05F819B682}.Release|Any CPU.ActiveCfg = Release|Any CPU
		{160258B8-44BB-42DB-8666-8C05F819B682}.Release|Any CPU.Build.0 = Release|Any CPU
		{160258B8-44BB-42DB-8666-8C05F819B682}.Release|x64.ActiveCfg = Release|Any CPU
		{160258B8-44BB-42DB-8666-8C05F819B682}.Release|x64.Build.0 = Release|Any CPU
		{160258B8-44BB-42DB-8666-8C05F819B682}.Release|x86.ActiveCfg = Release|Any CPU
		{160258B8-44BB-42DB-8666-8C05F819B682}.Release|x86.Build.0 = Release|Any CPU
		{7971F63B-3AA1-43CC-9961-B7874893BC42}.Debug|Any CPU.ActiveCfg = Debug|Any CPU
		{7971F63B-3AA1-43CC-9961-B7874893BC42}.Debug|Any CPU.Build.0 = Debug|Any CPU
		{7971F63B-3AA1-43CC-9961-B7874893BC42}.Debug|x64.ActiveCfg = Debug|Any CPU
		{7971F63B-3AA1-43CC-9961-B7874893BC42}.Debug|x64.Build.0 = Debug|Any CPU
		{7971F63B-3AA1-43CC-9961-B7874893BC42}.Debug|x86.ActiveCfg = Debug|Any CPU
		{7971F63B-3AA1-43CC-9961-B7874893BC42}.Debug|x86.Build.0 = Debug|Any CPU
		{7971F63B-3AA1-43CC-9961-B7874893BC42}.Release|Any CPU.ActiveCfg = Release|Any CPU
		{7971F63B-3AA1-43CC-9961-B7874893BC42}.Release|Any CPU.Build.0 = Release|Any CPU
		{7971F63B-3AA1-43CC-9961-B7874893BC42}.Release|x64.ActiveCfg = Release|Any CPU
		{7971F63B-3AA1-43CC-9961-B7874893BC42}.Release|x64.Build.0 = Release|Any CPU
		{7971F63B-3AA1-43CC-9961-B7874893BC42}.Release|x86.ActiveCfg = Release|Any CPU
		{7971F63B-3AA1-43CC-9961-B7874893BC42}.Release|x86.Build.0 = Release|Any CPU
		{731D72C5-5309-4262-A0B1-1F2B5A60848E}.Debug|Any CPU.ActiveCfg = Debug|Any CPU
		{731D72C5-5309-4262-A0B1-1F2B5A60848E}.Debug|Any CPU.Build.0 = Debug|Any CPU
		{731D72C5-5309-4262-A0B1-1F2B5A60848E}.Debug|x64.ActiveCfg = Debug|Any CPU
		{731D72C5-5309-4262-A0B1-1F2B5A60848E}.Debug|x64.Build.0 = Debug|Any CPU
		{731D72C5-5309-4262-A0B1-1F2B5A60848E}.Debug|x86.ActiveCfg = Debug|Any CPU
		{731D72C5-5309-4262-A0B1-1F2B5A60848E}.Debug|x86.Build.0 = Debug|Any CPU
		{731D72C5-5309-4262-A0B1-1F2B5A60848E}.Release|Any CPU.ActiveCfg = Release|Any CPU
		{731D72C5-5309-4262-A0B1-1F2B5A60848E}.Release|Any CPU.Build.0 = Release|Any CPU
		{731D72C5-5309-4262-A0B1-1F2B5A60848E}.Release|x64.ActiveCfg = Release|Any CPU
		{731D72C5-5309-4262-A0B1-1F2B5A60848E}.Release|x64.Build.0 = Release|Any CPU
		{731D72C5-5309-4262-A0B1-1F2B5A60848E}.Release|x86.ActiveCfg = Release|Any CPU
		{731D72C5-5309-4262-A0B1-1F2B5A60848E}.Release|x86.Build.0 = Release|Any CPU
		{D93E331B-CCF1-4858-8A71-422FCE3FAD1E}.Debug|Any CPU.ActiveCfg = Debug|Any CPU
		{D93E331B-CCF1-4858-8A71-422FCE3FAD1E}.Debug|Any CPU.Build.0 = Debug|Any CPU
		{D93E331B-CCF1-4858-8A71-422FCE3FAD1E}.Debug|x64.ActiveCfg = Debug|Any CPU
		{D93E331B-CCF1-4858-8A71-422FCE3FAD1E}.Debug|x64.Build.0 = Debug|Any CPU
		{D93E331B-CCF1-4858-8A71-422FCE3FAD1E}.Debug|x86.ActiveCfg = Debug|Any CPU
		{D93E331B-CCF1-4858-8A71-422FCE3FAD1E}.Debug|x86.Build.0 = Debug|Any CPU
		{D93E331B-CCF1-4858-8A71-422FCE3FAD1E}.Release|Any CPU.ActiveCfg = Release|Any CPU
		{D93E331B-CCF1-4858-8A71-422FCE3FAD1E}.Release|Any CPU.Build.0 = Release|Any CPU
		{D93E331B-CCF1-4858-8A71-422FCE3FAD1E}.Release|x64.ActiveCfg = Release|Any CPU
		{D93E331B-CCF1-4858-8A71-422FCE3FAD1E}.Release|x64.Build.0 = Release|Any CPU
		{D93E331B-CCF1-4858-8A71-422FCE3FAD1E}.Release|x86.ActiveCfg = Release|Any CPU
		{D93E331B-CCF1-4858-8A71-422FCE3FAD1E}.Release|x86.Build.0 = Release|Any CPU
		{98D23145-5467-4B87-AC1B-F1A901417DFB}.Debug|Any CPU.ActiveCfg = Debug|Any CPU
		{98D23145-5467-4B87-AC1B-F1A901417DFB}.Debug|Any CPU.Build.0 = Debug|Any CPU
		{98D23145-5467-4B87-AC1B-F1A901417DFB}.Debug|x64.ActiveCfg = Debug|Any CPU
		{98D23145-5467-4B87-AC1B-F1A901417DFB}.Debug|x64.Build.0 = Debug|Any CPU
		{98D23145-5467-4B87-AC1B-F1A901417DFB}.Debug|x86.ActiveCfg = Debug|Any CPU
		{98D23145-5467-4B87-AC1B-F1A901417DFB}.Debug|x86.Build.0 = Debug|Any CPU
		{98D23145-5467-4B87-AC1B-F1A901417DFB}.Release|Any CPU.ActiveCfg = Release|Any CPU
		{98D23145-5467-4B87-AC1B-F1A901417DFB}.Release|Any CPU.Build.0 = Release|Any CPU
		{98D23145-5467-4B87-AC1B-F1A901417DFB}.Release|x64.ActiveCfg = Release|Any CPU
		{98D23145-5467-4B87-AC1B-F1A901417DFB}.Release|x64.Build.0 = Release|Any CPU
		{98D23145-5467-4B87-AC1B-F1A901417DFB}.Release|x86.ActiveCfg = Release|Any CPU
		{98D23145-5467-4B87-AC1B-F1A901417DFB}.Release|x86.Build.0 = Release|Any CPU
	EndGlobalSection
	GlobalSection(SolutionProperties) = preSolution
		HideSolutionNode = FALSE
	EndGlobalSection
	GlobalSection(NestedProjects) = preSolution
		{AF388D5B-C23C-4C2A-8350-8CFA2AE8621D} = {827E0CD3-B72D-47B6-A68D-7590B98EB39B}
		{DDCFE868-F123-4921-97A7-0F8E0DB60958} = {827E0CD3-B72D-47B6-A68D-7590B98EB39B}
		{161968CD-02F7-429C-BB6C-52A2C6E69AE1} = {827E0CD3-B72D-47B6-A68D-7590B98EB39B}
		{160258B8-44BB-42DB-8666-8C05F819B682} = {827E0CD3-B72D-47B6-A68D-7590B98EB39B}
		{7971F63B-3AA1-43CC-9961-B7874893BC42} = {827E0CD3-B72D-47B6-A68D-7590B98EB39B}
		{731D72C5-5309-4262-A0B1-1F2B5A60848E} = {827E0CD3-B72D-47B6-A68D-7590B98EB39B}
		{D93E331B-CCF1-4858-8A71-422FCE3FAD1E} = {0AB3BF05-4346-4AA6-1389-037BE0695223}
		{98D23145-5467-4B87-AC1B-F1A901417DFB} = {0AB3BF05-4346-4AA6-1389-037BE0695223}
	EndGlobalSection
EndGlobal
